
Microsoft Visual Studio Solution File, Format Version 12.00
# Visual Studio Version 17
VisualStudioVersion = 17.14.37111.16
MinimumVisualStudioVersion = 10.0.40219.1
Project("{FAE04EC0-301F-11D3-BF4B-00C04F79EFBC}") = "FunctionLoadQueue.Core", "FunctionLoadQueue.Core\FunctionLoadQueue.Core.csproj", "{F1BC2FE8-8222-4302-8AEF-81AF1228F9B9}"
EndProject
Project("{FAE04EC0-301F-11D3-BF4B-00C04F79EFBC}") = "FunctionLoadQueue.Infrastructure", "FunctionLoadQueue.Infrastructure\FunctionLoadQueue.Infrastructure.csproj", "{66F57C80-AD45-4B0A-B9BF-9FE9A8824A76}"
EndProject
Project("{FAE04EC0-301F-11D3-BF4B-00C04F79EFBC}") = "FunctionLoadQueue.Function", "FunctionLoadQueue.Function\FunctionLoadQueue.Function.csproj", "{6EDEE04D-F24F-4E44-94E5-0294043681D0}"
EndProject
Global
	GlobalSection(SolutionConfigurationPlatforms) = preSolution
		Debug|Any CPU = Debug|Any CPU
		Release|Any CPU = Release|Any CPU
	EndGlobalSection
	GlobalSection(ProjectConfigurationPlatforms) = postSolution
		{F1BC2FE8-8222-4302-8AEF-81AF1228F9B9}.Debug|Any CPU.ActiveCfg = Debug|Any CPU
		{F1BC2FE8-8222-4302-8AEF-81AF1228F9B9}.Debug|Any CPU.Build.0 = Debug|Any CPU
		{F1BC2FE8-8222-4302-8AEF-81AF1228F9B9}.Release|Any CPU.ActiveCfg = Release|Any CPU
		{F1BC2FE8-8222-4302-8AEF-81AF1228F9B9}.Release|Any CPU.Build.0 = Release|Any CPU
		{66F57C80-AD45-4B0A-B9BF-9FE9A8824A76}.Debug|Any CPU.ActiveCfg = Debug|Any CPU
		{66F57C80-AD45-4B0A-B9BF-9FE9A8824A76}.Debug|Any CPU.Build.0 = Debug|Any CPU
		{66F57C80-AD45-4B0A-B9BF-9FE9A8824A76}.Release|Any CPU.ActiveCfg = Release|Any CPU
		{66F57C80-AD45-4B0A-B9BF-9FE9A8824A76}.Release|Any CPU.Build.0 = Release|Any CPU
		{6EDEE04D-F24F-4E44-94E5-0294043681D0}.Debug|Any CPU.ActiveCfg = Debug|Any CPU
		{6EDEE04D-F24F-4E44-94E5-0294043681D0}.Debug|Any CPU.Build.0 = Debug|Any CPU
		{6EDEE04D-F24F-4E44-94E5-0294043681D0}.Release|Any CPU.ActiveCfg = Release|Any CPU
		{6EDEE04D-F24F-4E44-94E5-0294043681D0}.Release|Any CPU.Build.0 = Release|Any CPU
	EndGlobalSection
	GlobalSection(SolutionProperties) = preSolution
		HideSolutionNode = FALSE
	EndGlobalSection
	GlobalSection(ExtensibilityGlobals) = postSolution
		SolutionGuid = {45FFD8DE-4276-4F37-A35D-062521A7511A}
	EndGlobalSection
EndGlobal
